{
  "requires": true,
  "lockfileVersion": 1,
  "dependencies": {
    "@google/maps": {
      "version": "0.4.6",
      "resolved": "https://registry.npmjs.org/@google/maps/-/maps-0.4.6.tgz",
      "integrity": "sha512-eoLrzOc2/IYqce0Tw1dxuHEqabbPS5jsuhbGHMkJETI5eA1Ls+1BlRigjbljgnbH77f5P9wfFgaoolXIhMYg8Q=="
    },
    "q": {
      "version": "1.5.1",
      "resolved": "https://registry.npmjs.org/q/-/q-1.5.1.tgz",
      "integrity": "sha1-fjL3W0E4EpHQRhHxvxQQmsAGUdc="
    },
    "sleep-promise": {
      "version": "6.0.0",
      "resolved": "https://registry.npmjs.org/sleep-promise/-/sleep-promise-6.0.0.tgz",
      "integrity": "sha1-qAtMPCbtVTxzydtyNLwDBPfULUo="
    }
  }
}
